
Microsoft Visual Studio Solution File, Format Version 12.00
# Visual Studio Version 16
VisualStudioVersion = 16.0.30503.244
MinimumVisualStudioVersion = 10.0.40219.1
Project("{9A19103F-16F7-4668-BE54-9A1E7A4F7556}") = "FeedBackDAL", "FeedBackDAL\FeedBackDAL.csproj", "{7F0052A7-5DD1-4299-8203-546A4626C644}"
EndProject
Project("{9A19103F-16F7-4668-BE54-9A1E7A4F7556}") = "FeedBackBLL", "FeedBackBLL\FeedBackBLL.csproj", "{C0B68802-A8B7-4D3F-BBF5-A1BB6E463673}"
EndProject
Project("{FAE04EC0-301F-11D3-BF4B-00C04F79EFBC}") = "FeedBackApi", "FeedBackApi\FeedBackApi.csproj", "{EAE02EE2-8D8D-4510-AAAE-1CC4F1519AB6}"
EndProject
Global
	GlobalSection(SolutionConfigurationPlatforms) = preSolution
		Debug|Any CPU = Debug|Any CPU
		Release|Any CPU = Release|Any CPU
	EndGlobalSection
	GlobalSection(ProjectConfigurationPlatforms) = postSolution
		{7F0052A7-5DD1-4299-8203-546A4626C644}.Debug|Any CPU.ActiveCfg = Debug|Any CPU
		{7F0052A7-5DD1-4299-8203-546A4626C644}.Debug|Any CPU.Build.0 = Debug|Any CPU
		{7F0052A7-5DD1-4299-8203-546A4626C644}.Release|Any CPU.ActiveCfg = Release|Any CPU
		{7F0052A7-5DD1-4299-8203-546A4626C644}.Release|Any CPU.Build.0 = Release|Any CPU
		{C0B68802-A8B7-4D3F-BBF5-A1BB6E463673}.Debug|Any CPU.ActiveCfg = Debug|Any CPU
		{C0B68802-A8B7-4D3F-BBF5-A1BB6E463673}.Debug|Any CPU.Build.0 = Debug|Any CPU
		{C0B68802-A8B7-4D3F-BBF5-A1BB6E463673}.Release|Any CPU.ActiveCfg = Release|Any CPU
		{C0B68802-A8B7-4D3F-BBF5-A1BB6E463673}.Release|Any CPU.Build.0 = Release|Any CPU
		{EAE02EE2-8D8D-4510-AAAE-1CC4F1519AB6}.Debug|Any CPU.ActiveCfg = Debug|Any CPU
		{EAE02EE2-8D8D-4510-AAAE-1CC4F1519AB6}.Debug|Any CPU.Build.0 = Debug|Any CPU
		{EAE02EE2-8D8D-4510-AAAE-1CC4F1519AB6}.Release|Any CPU.ActiveCfg = Release|Any CPU
		{EAE02EE2-8D8D-4510-AAAE-1CC4F1519AB6}.Release|Any CPU.Build.0 = Release|Any CPU
	EndGlobalSection
	GlobalSection(SolutionProperties) = preSolution
		HideSolutionNode = FALSE
	EndGlobalSection
	GlobalSection(ExtensibilityGlobals) = postSolution
		SolutionGuid = {09983C11-A67E-4CDE-A93A-53BE997ECB20}
	EndGlobalSection
EndGlobal
